
Microsoft Visual Studio Solution File, Format Version 12.00
# Visual Studio Version 17
VisualStudioVersion = 17.3.32922.545
MinimumVisualStudioVersion = 10.0.40219.1
Project("{FAE04EC0-301F-11D3-BF4B-00C04F79EFBC}") = "Oef 1,2", "Oef 1,2\Oef 1,2.csproj", "{8B11CEC7-245E-4F27-8393-C5D6A6FBA634}"
EndProject
Global
	GlobalSection(SolutionConfigurationPlatforms) = preSolution
		Debug|Any CPU = Debug|Any CPU
		Release|Any CPU = Release|Any CPU
	EndGlobalSection
	GlobalSection(ProjectConfigurationPlatforms) = postSolution
		{8B11CEC7-245E-4F27-8393-C5D6A6FBA634}.Debug|Any CPU.ActiveCfg = Debug|Any CPU
		{8B11CEC7-245E-4F27-8393-C5D6A6FBA634}.Debug|Any CPU.Build.0 = Debug|Any CPU
		{8B11CEC7-245E-4F27-8393-C5D6A6FBA634}.Release|Any CPU.ActiveCfg = Release|Any CPU
		{8B11CEC7-245E-4F27-8393-C5D6A6FBA634}.Release|Any CPU.Build.0 = Release|Any CPU
	EndGlobalSection
	GlobalSection(SolutionProperties) = preSolution
		HideSolutionNode = FALSE
	EndGlobalSection
	GlobalSection(ExtensibilityGlobals) = postSolution
		SolutionGuid = {82AC8055-D92E-4443-BFDE-6B975431A79C}
	EndGlobalSection
EndGlobal
